
Microsoft Visual Studio Solution File, Format Version 12.00
# Visual Studio 15
VisualStudioVersion = 15.0.27703.2000
MinimumVisualStudioVersion = 10.0.40219.1
Project("{FAE04EC0-301F-11D3-BF4B-00C04F79EFBC}") = "LemonadeStand", "LemonadeStand\LemonadeStand.csproj", "{6B6B5093-E244-40F0-8CAC-2139D3BC9A3F}"
EndProject
Global
	GlobalSection(SolutionConfigurationPlatforms) = preSolution
		Debug|Any CPU = Debug|Any CPU
		Release|Any CPU = Release|Any CPU
	EndGlobalSection
	GlobalSection(ProjectConfigurationPlatforms) = postSolution
		{6B6B5093-E244-40F0-8CAC-2139D3BC9A3F}.Debug|Any CPU.ActiveCfg = Debug|Any CPU
		{6B6B5093-E244-40F0-8CAC-2139D3BC9A3F}.Debug|Any CPU.Build.0 = Debug|Any CPU
		{6B6B5093-E244-40F0-8CAC-2139D3BC9A3F}.Release|Any CPU.ActiveCfg = Release|Any CPU
		{6B6B5093-E244-40F0-8CAC-2139D3BC9A3F}.Release|Any CPU.Build.0 = Release|Any CPU
	EndGlobalSection
	GlobalSection(SolutionProperties) = preSolution
		HideSolutionNode = FALSE
	EndGlobalSection
	GlobalSection(ExtensibilityGlobals) = postSolution
		SolutionGuid = {21183E18-96FA-4873-AA97-34DA266EA339}
	EndGlobalSection
EndGlobal
